
Microsoft Visual Studio Solution File, Format Version 12.00
# Visual Studio Version 16
VisualStudioVersion = 16.0.31402.337
MinimumVisualStudioVersion = 10.0.40219.1
Project("{FAE04EC0-301F-11D3-BF4B-00C04F79EFBC}") = "DataPublisher-Project", "DataPublisher-Project\DataPublisher-Project.csproj", "{7F885C3D-77DF-4B40-B2A0-99E67745710D}"
EndProject
Global
	GlobalSection(SolutionConfigurationPlatforms) = preSolution
		Debug|Any CPU = Debug|Any CPU
		Release|Any CPU = Release|Any CPU
	EndGlobalSection
	GlobalSection(ProjectConfigurationPlatforms) = postSolution
		{7F885C3D-77DF-4B40-B2A0-99E67745710D}.Debug|Any CPU.ActiveCfg = Debug|Any CPU
		{7F885C3D-77DF-4B40-B2A0-99E67745710D}.Debug|Any CPU.Build.0 = Debug|Any CPU
		{7F885C3D-77DF-4B40-B2A0-99E67745710D}.Release|Any CPU.ActiveCfg = Release|Any CPU
		{7F885C3D-77DF-4B40-B2A0-99E67745710D}.Release|Any CPU.Build.0 = Release|Any CPU
	EndGlobalSection
	GlobalSection(SolutionProperties) = preSolution
		HideSolutionNode = FALSE
	EndGlobalSection
	GlobalSection(ExtensibilityGlobals) = postSolution
		SolutionGuid = {A7DFD98E-4173-4693-855E-24B593BE4945}
	EndGlobalSection
EndGlobal
